# Pinned transitive dependencies for crewai-bridge.
# Generated from requirements.txt on 2026-05-11.
# Regenerate: pip install -r requirements.txt && pip freeze > requirements.lock
#
# Direct dependencies
fastapi==0.136.1
uvicorn==0.46.0
pydantic==2.12.5
httpx==0.28.1
anyio==4.13.0
pytest==9.0.3

# Transitive dependencies
annotated-types==0.7.0
certifi==2026.4.22
click==8.1.8
h11==0.16.0
httpcore==1.0.9
idna==3.13
iniconfig==2.3.0
pluggy==1.6.0
pydantic-core==2.41.5
sniffio==1.3.1
starlette==1.0.0
tomli==2.4.1
typing-extensions==4.15.0
